
Microsoft Visual Studio Solution File, Format Version 12.00
# Visual Studio Version 17
VisualStudioVersion = 17.10.34928.147
MinimumVisualStudioVersion = 10.0.40219.1
Project("{9A19103F-16F7-4668-BE54-9A1E7A4F7556}") = "t7_2021630460_vs", "t7_2021630460_vs.csproj", "{3A1AEF6A-C066-42E9-A95E-3DD0E00F069B}"
EndProject
Global
	GlobalSection(SolutionConfigurationPlatforms) = preSolution
		Debug|Any CPU = Debug|Any CPU
		Release|Any CPU = Release|Any CPU
	EndGlobalSection
	GlobalSection(ProjectConfigurationPlatforms) = postSolution
		{3A1AEF6A-C066-42E9-A95E-3DD0E00F069B}.Debug|Any CPU.ActiveCfg = Debug|Any CPU
		{3A1AEF6A-C066-42E9-A95E-3DD0E00F069B}.Debug|Any CPU.Build.0 = Debug|Any CPU
		{3A1AEF6A-C066-42E9-A95E-3DD0E00F069B}.Release|Any CPU.ActiveCfg = Release|Any CPU
		{3A1AEF6A-C066-42E9-A95E-3DD0E00F069B}.Release|Any CPU.Build.0 = Release|Any CPU
	EndGlobalSection
	GlobalSection(SolutionProperties) = preSolution
		HideSolutionNode = FALSE
	EndGlobalSection
	GlobalSection(ExtensibilityGlobals) = postSolution
		SolutionGuid = {2921C6DE-4402-45AB-B99A-CE4EA3E50B05}
	EndGlobalSection
EndGlobal
